
Microsoft Visual Studio Solution File, Format Version 12.00
# Visual Studio 15
VisualStudioVersion = 15.0.26730.16
MinimumVisualStudioVersion = 10.0.40219.1
Project("{8BC9CEB8-8B4A-11D0-8D11-00A0C91BC942}") = "Project1", "Project1\Project1.vcxproj", "{C36AF094-4324-48B1-A182-13ABE47B983D}"
EndProject
Project("{8BC9CEB8-8B4A-11D0-8D11-00A0C91BC942}") = "Project2", "Project2\Project2.vcxproj", "{77A61DE0-5724-44C3-916F-8F904A416960}"
EndProject
Project("{8BC9CEB8-8B4A-11D0-8D11-00A0C91BC942}") = "Project3", "Project3\Project3.vcxproj", "{AC43B634-DF26-4A82-B78E-775714057DFE}"
EndProject
Global
	GlobalSection(SolutionConfigurationPlatforms) = preSolution
		Debug|x64 = Debug|x64
		Debug|x86 = Debug|x86
		Release|x64 = Release|x64
		Release|x86 = Release|x86
	EndGlobalSection
	GlobalSection(ProjectConfigurationPlatforms) = postSolution
		{C36AF094-4324-48B1-A182-13ABE47B983D}.Debug|x64.ActiveCfg = Debug|x64
		{C36AF094-4324-48B1-A182-13ABE47B983D}.Debug|x64.Build.0 = Debug|x64
		{C36AF094-4324-48B1-A182-13ABE47B983D}.Debug|x86.ActiveCfg = Debug|Win32
		{C36AF094-4324-48B1-A182-13ABE47B983D}.Debug|x86.Build.0 = Debug|Win32
		{C36AF094-4324-48B1-A182-13ABE47B983D}.Release|x64.ActiveCfg = Release|x64
		{C36AF094-4324-48B1-A182-13ABE47B983D}.Release|x64.Build.0 = Release|x64
		{C36AF094-4324-48B1-A182-13ABE47B983D}.Release|x86.ActiveCfg = Release|Win32
		{C36AF094-4324-48B1-A182-13ABE47B983D}.Release|x86.Build.0 = Release|Win32
		{77A61DE0-5724-44C3-916F-8F904A416960}.Debug|x64.ActiveCfg = Debug|x64
		{77A61DE0-5724-44C3-916F-8F904A416960}.Debug|x64.Build.0 = Debug|x64
		{77A61DE0-5724-44C3-916F-8F904A416960}.Debug|x86.ActiveCfg = Debug|Win32
		{77A61DE0-5724-44C3-916F-8F904A416960}.Debug|x86.Build.0 = Debug|Win32
		{77A61DE0-5724-44C3-916F-8F904A416960}.Release|x64.ActiveCfg = Release|x64
		{77A61DE0-5724-44C3-916F-8F904A416960}.Release|x64.Build.0 = Release|x64
		{77A61DE0-5724-44C3-916F-8F904A416960}.Release|x86.ActiveCfg = Release|Win32
		{77A61DE0-5724-44C3-916F-8F904A416960}.Release|x86.Build.0 = Release|Win32
		{AC43B634-DF26-4A82-B78E-775714057DFE}.Debug|x64.ActiveCfg = Debug|x64
		{AC43B634-DF26-4A82-B78E-775714057DFE}.Debug|x64.Build.0 = Debug|x64
		{AC43B634-DF26-4A82-B78E-775714057DFE}.Debug|x86.ActiveCfg = Debug|Win32
		{AC43B634-DF26-4A82-B78E-775714057DFE}.Debug|x86.Build.0 = Debug|Win32
		{AC43B634-DF26-4A82-B78E-775714057DFE}.Release|x64.ActiveCfg = Release|x64
		{AC43B634-DF26-4A82-B78E-775714057DFE}.Release|x64.Build.0 = Release|x64
		{AC43B634-DF26-4A82-B78E-775714057DFE}.Release|x86.ActiveCfg = Release|Win32
		{AC43B634-DF26-4A82-B78E-775714057DFE}.Release|x86.Build.0 = Release|Win32
	EndGlobalSection
	GlobalSection(SolutionProperties) = preSolution
		HideSolutionNode = FALSE
	EndGlobalSection
	GlobalSection(ExtensibilityGlobals) = postSolution
		SolutionGuid = {F06733C2-2CE0-4CBE-B304-DE9F3A890321}
	EndGlobalSection
EndGlobal
